
Microsoft Visual Studio Solution File, Format Version 12.00
# Visual Studio Version 16
VisualStudioVersion = 16.0.29728.190
MinimumVisualStudioVersion = 10.0.40219.1
Project("{FAE04EC0-301F-11D3-BF4B-00C04F79EFBC}") = "ImmoWin", "ImmoWin\ImmoWin.csproj", "{5DE11090-1CAD-42DC-AFEC-6CD5D5E19AE9}"
EndProject
Project("{FAE04EC0-301F-11D3-BF4B-00C04F79EFBC}") = "ImmoWin.DAL", "ImmoWin.DAL\ImmoWin.DAL.csproj", "{0263C063-32ED-4B8A-9755-0B0670EAACC3}"
EndProject
Global
	GlobalSection(SolutionConfigurationPlatforms) = preSolution
		Debug|Any CPU = Debug|Any CPU
		Release|Any CPU = Release|Any CPU
	EndGlobalSection
	GlobalSection(ProjectConfigurationPlatforms) = postSolution
		{5DE11090-1CAD-42DC-AFEC-6CD5D5E19AE9}.Debug|Any CPU.ActiveCfg = Debug|Any CPU
		{5DE11090-1CAD-42DC-AFEC-6CD5D5E19AE9}.Debug|Any CPU.Build.0 = Debug|Any CPU
		{5DE11090-1CAD-42DC-AFEC-6CD5D5E19AE9}.Release|Any CPU.ActiveCfg = Release|Any CPU
		{5DE11090-1CAD-42DC-AFEC-6CD5D5E19AE9}.Release|Any CPU.Build.0 = Release|Any CPU
		{0263C063-32ED-4B8A-9755-0B0670EAACC3}.Debug|Any CPU.ActiveCfg = Debug|Any CPU
		{0263C063-32ED-4B8A-9755-0B0670EAACC3}.Debug|Any CPU.Build.0 = Debug|Any CPU
		{0263C063-32ED-4B8A-9755-0B0670EAACC3}.Release|Any CPU.ActiveCfg = Release|Any CPU
		{0263C063-32ED-4B8A-9755-0B0670EAACC3}.Release|Any CPU.Build.0 = Release|Any CPU
	EndGlobalSection
	GlobalSection(SolutionProperties) = preSolution
		HideSolutionNode = FALSE
	EndGlobalSection
	GlobalSection(ExtensibilityGlobals) = postSolution
		SolutionGuid = {1AAC6E59-B0C3-4ABA-AC12-45B0C2960B3E}
	EndGlobalSection
EndGlobal
